
Microsoft Visual Studio Solution File, Format Version 12.00
# Visual Studio 15
VisualStudioVersion = 15.0.28010.2048
MinimumVisualStudioVersion = 10.0.40219.1
Project("{9A19103F-16F7-4668-BE54-9A1E7A4F7556}") = "Artificer", "Artificer\Artificer.csproj", "{F9FA9229-D91D-4E12-AAD1-D4B398B2E878}"
EndProject
Global
	GlobalSection(SolutionConfigurationPlatforms) = preSolution
		Debug|Any CPU = Debug|Any CPU
		Release|Any CPU = Release|Any CPU
	EndGlobalSection
	GlobalSection(ProjectConfigurationPlatforms) = postSolution
		{F9FA9229-D91D-4E12-AAD1-D4B398B2E878}.Debug|Any CPU.ActiveCfg = Debug|Any CPU
		{F9FA9229-D91D-4E12-AAD1-D4B398B2E878}.Debug|Any CPU.Build.0 = Debug|Any CPU
		{F9FA9229-D91D-4E12-AAD1-D4B398B2E878}.Release|Any CPU.ActiveCfg = Release|Any CPU
		{F9FA9229-D91D-4E12-AAD1-D4B398B2E878}.Release|Any CPU.Build.0 = Release|Any CPU
	EndGlobalSection
	GlobalSection(SolutionProperties) = preSolution
		HideSolutionNode = FALSE
	EndGlobalSection
	GlobalSection(ExtensibilityGlobals) = postSolution
		SolutionGuid = {1BE609A4-1A59-4BB5-B4FD-292A4A15819E}
	EndGlobalSection
EndGlobal
